// !$*UTF8*$!
{
	archiveVersion = 1;
	classes = {
	};
	objectVersion = 55;
	objects = {

/* Begin PBXBuildFile section */
		44AD3AA528DCFE1D00A6F720 /* ProductListView.swift in Sources */ = {isa = PBXBuildFile; fileRef = 44AD3AA428DCFE1D00A6F720 /* ProductListView.swift */; };
		44AD3AB428DD04C400A6F720 /* SideEffectView.swift in Sources */ = {isa = PBXBuildFile; fileRef = 44AD3AB328DD04C400A6F720 /* SideEffectView.swift */; };
		44AD3ABC28DD91AC00A6F720 /* ProductDetailView.swift in Sources */ = {isa = PBXBuildFile; fileRef = 44AD3ABB28DD91AC00A6F720 /* ProductDetailView.swift */; };
		44B650FA28E06E3300DA23C8 /* ImageInteractor.swift in Sources */ = {isa = PBXBuildFile; fileRef = 44B650F928E06E3300DA23C8 /* ImageInteractor.swift */; };
		44B650FE28E06EB400DA23C8 /* ImageLoadingView.swift in Sources */ = {isa = PBXBuildFile; fileRef = 44B650FD28E06EB400DA23C8 /* ImageLoadingView.swift */; };
		44B6510028E07EC100DA23C8 /* FutureExtensions.swift in Sources */ = {isa = PBXBuildFile; fileRef = 44B650FF28E07EC100DA23C8 /* FutureExtensions.swift */; };
		44B6510228E07EEA00DA23C8 /* BindingExtensions.swift in Sources */ = {isa = PBXBuildFile; fileRef = 44B6510128E07EEA00DA23C8 /* BindingExtensions.swift */; };
		44C3A77028DAED9100B8AEA7 /* mvApp.swift in Sources */ = {isa = PBXBuildFile; fileRef = 44C3A76F28DAED9100B8AEA7 /* mvApp.swift */; };
		44C3A77228DAED9100B8AEA7 /* ProductsLoadingView.swift in Sources */ = {isa = PBXBuildFile; fileRef = 44C3A77128DAED9100B8AEA7 /* ProductsLoadingView.swift */; };
		44C3A77428DAED9200B8AEA7 /* Assets.xcassets in Resources */ = {isa = PBXBuildFile; fileRef = 44C3A77328DAED9200B8AEA7 /* Assets.xcassets */; };
		44C3A77728DAED9200B8AEA7 /* Preview Assets.xcassets in Resources */ = {isa = PBXBuildFile; fileRef = 44C3A77628DAED9200B8AEA7 /* Preview Assets.xcassets */; };
		44C3A78128DAED9200B8AEA7 /* mvTests.swift in Sources */ = {isa = PBXBuildFile; fileRef = 44C3A78028DAED9200B8AEA7 /* mvTests.swift */; };
		44C3A78B28DAED9200B8AEA7 /* mvUITests.swift in Sources */ = {isa = PBXBuildFile; fileRef = 44C3A78A28DAED9200B8AEA7 /* mvUITests.swift */; };
		44C3A78D28DAED9200B8AEA7 /* mvUITestsLaunchTests.swift in Sources */ = {isa = PBXBuildFile; fileRef = 44C3A78C28DAED9200B8AEA7 /* mvUITestsLaunchTests.swift */; };
		44C3A79A28DAEDC900B8AEA7 /* SideEffect.swift in Sources */ = {isa = PBXBuildFile; fileRef = 44C3A79928DAEDC900B8AEA7 /* SideEffect.swift */; };
		44C3A79C28DAF56300B8AEA7 /* ProductInteractor.swift in Sources */ = {isa = PBXBuildFile; fileRef = 44C3A79B28DAF56200B8AEA7 /* ProductInteractor.swift */; };
		44C3A79E28DAF57000B8AEA7 /* BackendApi.swift in Sources */ = {isa = PBXBuildFile; fileRef = 44C3A79D28DAF57000B8AEA7 /* BackendApi.swift */; };
		44C3A7A028DAF5B400B8AEA7 /* Product.swift in Sources */ = {isa = PBXBuildFile; fileRef = 44C3A79F28DAF5B400B8AEA7 /* Product.swift */; };
/* End PBXBuildFile section */

/* Begin PBXContainerItemProxy section */
		44C3A77D28DAED9200B8AEA7 /* PBXContainerItemProxy */ = {
			isa = PBXContainerItemProxy;
			containerPortal = 44C3A76428DAED9100B8AEA7 /* Project object */;
			proxyType = 1;
			remoteGlobalIDString = 44C3A76B28DAED9100B8AEA7;
			remoteInfo = mv;
		};
		44C3A78728DAED9200B8AEA7 /* PBXContainerItemProxy */ = {
			isa = PBXContainerItemProxy;
			containerPortal = 44C3A76428DAED9100B8AEA7 /* Project object */;
			proxyType = 1;
			remoteGlobalIDString = 44C3A76B28DAED9100B8AEA7;
			remoteInfo = mv;
		};
/* End PBXContainerItemProxy section */

/* Begin PBXFileReference section */
		44AD3AA428DCFE1D00A6F720 /* ProductListView.swift */ = {isa = PBXFileReference; lastKnownFileType = sourcecode.swift; path = ProductListView.swift; sourceTree = "<group>"; };
		44AD3AB328DD04C400A6F720 /* SideEffectView.swift */ = {isa = PBXFileReference; lastKnownFileType = sourcecode.swift; path = SideEffectView.swift; sourceTree = "<group>"; };
		44AD3ABB28DD91AC00A6F720 /* ProductDetailView.swift */ = {isa = PBXFileReference; lastKnownFileType = sourcecode.swift; path = ProductDetailView.swift; sourceTree = "<group>"; };
		44B650F928E06E3300DA23C8 /* ImageInteractor.swift */ = {isa = PBXFileReference; lastKnownFileType = sourcecode.swift; path = ImageInteractor.swift; sourceTree = "<group>"; };
		44B650FD28E06EB400DA23C8 /* ImageLoadingView.swift */ = {isa = PBXFileReference; lastKnownFileType = sourcecode.swift; path = ImageLoadingView.swift; sourceTree = "<group>"; };
		44B650FF28E07EC100DA23C8 /* FutureExtensions.swift */ = {isa = PBXFileReference; lastKnownFileType = sourcecode.swift; path = FutureExtensions.swift; sourceTree = "<group>"; };
		44B6510128E07EEA00DA23C8 /* BindingExtensions.swift */ = {isa = PBXFileReference; lastKnownFileType = sourcecode.swift; path = BindingExtensions.swift; sourceTree = "<group>"; };
		44C3A76C28DAED9100B8AEA7 /* mv.app */ = {isa = PBXFileReference; explicitFileType = wrapper.application; includeInIndex = 0; path = mv.app; sourceTree = BUILT_PRODUCTS_DIR; };
		44C3A76F28DAED9100B8AEA7 /* mvApp.swift */ = {isa = PBXFileReference; lastKnownFileType = sourcecode.swift; path = mvApp.swift; sourceTree = "<group>"; };
		44C3A77128DAED9100B8AEA7 /* ProductsLoadingView.swift */ = {isa = PBXFileReference; lastKnownFileType = sourcecode.swift; path = ProductsLoadingView.swift; sourceTree = "<group>"; };
		44C3A77328DAED9200B8AEA7 /* Assets.xcassets */ = {isa = PBXFileReference; lastKnownFileType = folder.assetcatalog; path = Assets.xcassets; sourceTree = "<group>"; };
		44C3A77628DAED9200B8AEA7 /* Preview Assets.xcassets */ = {isa = PBXFileReference; lastKnownFileType = folder.assetcatalog; path = "Preview Assets.xcassets"; sourceTree = "<group>"; };
		44C3A77C28DAED9200B8AEA7 /* mvTests.xctest */ = {isa = PBXFileReference; explicitFileType = wrapper.cfbundle; includeInIndex = 0; path = mvTests.xctest; sourceTree = BUILT_PRODUCTS_DIR; };
		44C3A78028DAED9200B8AEA7 /* mvTests.swift */ = {isa = PBXFileReference; lastKnownFileType = sourcecode.swift; path = mvTests.swift; sourceTree = "<group>"; };
		44C3A78628DAED9200B8AEA7 /* mvUITests.xctest */ = {isa = PBXFileReference; explicitFileType = wrapper.cfbundle; includeInIndex = 0; path = mvUITests.xctest; sourceTree = BUILT_PRODUCTS_DIR; };
		44C3A78A28DAED9200B8AEA7 /* mvUITests.swift */ = {isa = PBXFileReference; lastKnownFileType = sourcecode.swift; path = mvUITests.swift; sourceTree = "<group>"; };
		44C3A78C28DAED9200B8AEA7 /* mvUITestsLaunchTests.swift */ = {isa = PBXFileReference; lastKnownFileType = sourcecode.swift; path = mvUITestsLaunchTests.swift; sourceTree = "<group>"; };
		44C3A79928DAEDC900B8AEA7 /* SideEffect.swift */ = {isa = PBXFileReference; lastKnownFileType = sourcecode.swift; path = SideEffect.swift; sourceTree = "<group>"; };
		44C3A79B28DAF56200B8AEA7 /* ProductInteractor.swift */ = {isa = PBXFileReference; lastKnownFileType = sourcecode.swift; path = ProductInteractor.swift; sourceTree = "<group>"; };
		44C3A79D28DAF57000B8AEA7 /* BackendApi.swift */ = {isa = PBXFileReference; lastKnownFileType = sourcecode.swift; path = BackendApi.swift; sourceTree = "<group>"; };
		44C3A79F28DAF5B400B8AEA7 /* Product.swift */ = {isa = PBXFileReference; lastKnownFileType = sourcecode.swift; path = Product.swift; sourceTree = "<group>"; };
/* End PBXFileReference section */

/* Begin PBXFrameworksBuildPhase section */
		44C3A76928DAED9100B8AEA7 /* Frameworks */ = {
			isa = PBXFrameworksBuildPhase;
			buildActionMask = 2147483647;
			files = (
			);
			runOnlyForDeploymentPostprocessing = 0;
		};
		44C3A77928DAED9200B8AEA7 /* Frameworks */ = {
			isa = PBXFrameworksBuildPhase;
			buildActionMask = 2147483647;
			files = (
			);
			runOnlyForDeploymentPostprocessing = 0;
		};
		44C3A78328DAED9200B8AEA7 /* Frameworks */ = {
			isa = PBXFrameworksBuildPhase;
			buildActionMask = 2147483647;
			files = (
			);
			runOnlyForDeploymentPostprocessing = 0;
		};
/* End PBXFrameworksBuildPhase section */

/* Begin PBXGroup section */
		44AD3AAA28DD01E300A6F720 /* SideEffect */ = {
			isa = PBXGroup;
			children = (
				44C3A79928DAEDC900B8AEA7 /* SideEffect.swift */,
				44B650FF28E07EC100DA23C8 /* FutureExtensions.swift */,
				44B6510128E07EEA00DA23C8 /* BindingExtensions.swift */,
			);
			path = SideEffect;
			sourceTree = "<group>";
		};
		44AD3AAD28DD02B700A6F720 /* Views */ = {
			isa = PBXGroup;
			children = (
				44B650FD28E06EB400DA23C8 /* ImageLoadingView.swift */,
				44AD3ABB28DD91AC00A6F720 /* ProductDetailView.swift */,
				44AD3AA428DCFE1D00A6F720 /* ProductListView.swift */,
				44C3A77128DAED9100B8AEA7 /* ProductsLoadingView.swift */,
				44AD3AB328DD04C400A6F720 /* SideEffectView.swift */,
			);
			path = Views;
			sourceTree = "<group>";
		};
		44AD3AAF28DD035400A6F720 /* Interactors */ = {
			isa = PBXGroup;
			children = (
				44C3A79B28DAF56200B8AEA7 /* ProductInteractor.swift */,
				44B650F928E06E3300DA23C8 /* ImageInteractor.swift */,
			);
			path = Interactors;
			sourceTree = "<group>";
		};
		44AD3AB028DD036500A6F720 /* BackendApi */ = {
			isa = PBXGroup;
			children = (
				44C3A79D28DAF57000B8AEA7 /* BackendApi.swift */,
				44C3A79F28DAF5B400B8AEA7 /* Product.swift */,
			);
			path = BackendApi;
			sourceTree = "<group>";
		};
		44C3A76328DAED9100B8AEA7 = {
			isa = PBXGroup;
			children = (
				44C3A76E28DAED9100B8AEA7 /* mv */,
				44C3A77F28DAED9200B8AEA7 /* mvTests */,
				44C3A78928DAED9200B8AEA7 /* mvUITests */,
				44C3A76D28DAED9100B8AEA7 /* Products */,
			);
			sourceTree = "<group>";
		};
		44C3A76D28DAED9100B8AEA7 /* Products */ = {
			isa = PBXGroup;
			children = (
				44C3A76C28DAED9100B8AEA7 /* mv.app */,
				44C3A77C28DAED9200B8AEA7 /* mvTests.xctest */,
				44C3A78628DAED9200B8AEA7 /* mvUITests.xctest */,
			);
			name = Products;
			sourceTree = "<group>";
		};
		44C3A76E28DAED9100B8AEA7 /* mv */ = {
			isa = PBXGroup;
			children = (
				44AD3AB028DD036500A6F720 /* BackendApi */,
				44AD3AAF28DD035400A6F720 /* Interactors */,
				44AD3AAD28DD02B700A6F720 /* Views */,
				44AD3AAA28DD01E300A6F720 /* SideEffect */,
				44C3A76F28DAED9100B8AEA7 /* mvApp.swift */,
				44C3A77328DAED9200B8AEA7 /* Assets.xcassets */,
				44C3A77528DAED9200B8AEA7 /* Preview Content */,
			);
			path = mv;
			sourceTree = "<group>";
		};
		44C3A77528DAED9200B8AEA7 /* Preview Content */ = {
			isa = PBXGroup;
			children = (
				44C3A77628DAED9200B8AEA7 /* Preview Assets.xcassets */,
			);
			path = "Preview Content";
			sourceTree = "<group>";
		};
		44C3A77F28DAED9200B8AEA7 /* mvTests */ = {
			isa = PBXGroup;
			children = (
				44C3A78028DAED9200B8AEA7 /* mvTests.swift */,
			);
			path = mvTests;
			sourceTree = "<group>";
		};
		44C3A78928DAED9200B8AEA7 /* mvUITests */ = {
			isa = PBXGroup;
			children = (
				44C3A78A28DAED9200B8AEA7 /* mvUITests.swift */,
				44C3A78C28DAED9200B8AEA7 /* mvUITestsLaunchTests.swift */,
			);
			path = mvUITests;
			sourceTree = "<group>";
		};
/* End PBXGroup section */

/* Begin PBXNativeTarget section */
		44C3A76B28DAED9100B8AEA7 /* mv */ = {
			isa = PBXNativeTarget;
			buildConfigurationList = 44C3A79028DAED9200B8AEA7 /* Build configuration list for PBXNativeTarget "mv" */;
			buildPhases = (
				44C3A76828DAED9100B8AEA7 /* Sources */,
				44C3A76928DAED9100B8AEA7 /* Frameworks */,
				44C3A76A28DAED9100B8AEA7 /* Resources */,
			);
			buildRules = (
			);
			dependencies = (
			);
			name = mv;
			productName = mv;
			productReference = 44C3A76C28DAED9100B8AEA7 /* mv.app */;
			productType = "com.apple.product-type.application";
		};
		44C3A77B28DAED9200B8AEA7 /* mvTests */ = {
			isa = PBXNativeTarget;
			buildConfigurationList = 44C3A79328DAED9200B8AEA7 /* Build configuration list for PBXNativeTarget "mvTests" */;
			buildPhases = (
				44C3A77828DAED9200B8AEA7 /* Sources */,
				44C3A77928DAED9200B8AEA7 /* Frameworks */,
				44C3A77A28DAED9200B8AEA7 /* Resources */,
			);
			buildRules = (
			);
			dependencies = (
				44C3A77E28DAED9200B8AEA7 /* PBXTargetDependency */,
			);
			name = mvTests;
			productName = mvTests;
			productReference = 44C3A77C28DAED9200B8AEA7 /* mvTests.xctest */;
			productType = "com.apple.product-type.bundle.unit-test";
		};
		44C3A78528DAED9200B8AEA7 /* mvUITests */ = {
			isa = PBXNativeTarget;
			buildConfigurationList = 44C3A79628DAED9200B8AEA7 /* Build configuration list for PBXNativeTarget "mvUITests" */;
			buildPhases = (
				44C3A78228DAED9200B8AEA7 /* Sources */,
				44C3A78328DAED9200B8AEA7 /* Frameworks */,
				44C3A78428DAED9200B8AEA7 /* Resources */,
			);
			buildRules = (
			);
			dependencies = (
				44C3A78828DAED9200B8AEA7 /* PBXTargetDependency */,
			);
			name = mvUITests;
			productName = mvUITests;
			productReference = 44C3A78628DAED9200B8AEA7 /* mvUITests.xctest */;
			productType = "com.apple.product-type.bundle.ui-testing";
		};
/* End PBXNativeTarget section */

/* Begin PBXProject section */
		44C3A76428DAED9100B8AEA7 /* Project object */ = {
			isa = PBXProject;
			attributes = {
				BuildIndependentTargetsInParallel = 1;
				LastSwiftUpdateCheck = 1340;
				LastUpgradeCheck = 1340;
				TargetAttributes = {
					44C3A76B28DAED9100B8AEA7 = {
						CreatedOnToolsVersion = 13.4.1;
					};
					44C3A77B28DAED9200B8AEA7 = {
						CreatedOnToolsVersion = 13.4.1;
						TestTargetID = 44C3A76B28DAED9100B8AEA7;
					};
					44C3A78528DAED9200B8AEA7 = {
						CreatedOnToolsVersion = 13.4.1;
						TestTargetID = 44C3A76B28DAED9100B8AEA7;
					};
				};
			};
			buildConfigurationList = 44C3A76728DAED9100B8AEA7 /* Build configuration list for PBXProject "mv" */;
			compatibilityVersion = "Xcode 13.0";
			developmentRegion = en;
			hasScannedForEncodings = 0;
			knownRegions = (
				en,
				Base,
			);
			mainGroup = 44C3A76328DAED9100B8AEA7;
			productRefGroup = 44C3A76D28DAED9100B8AEA7 /* Products */;
			projectDirPath = "";
			projectRoot = "";
			targets = (
				44C3A76B28DAED9100B8AEA7 /* mv */,
				44C3A77B28DAED9200B8AEA7 /* mvTests */,
				44C3A78528DAED9200B8AEA7 /* mvUITests */,
			);
		};
/* End PBXProject section */

/* Begin PBXResourcesBuildPhase section */
		44C3A76A28DAED9100B8AEA7 /* Resources */ = {
			isa = PBXResourcesBuildPhase;
			buildActionMask = 2147483647;
			files = (
				44C3A77728DAED9200B8AEA7 /* Preview Assets.xcassets in Resources */,
				44C3A77428DAED9200B8AEA7 /* Assets.xcassets in Resources */,
			);
			runOnlyForDeploymentPostprocessing = 0;
		};
		44C3A77A28DAED9200B8AEA7 /* Resources */ = {
			isa = PBXResourcesBuildPhase;
			buildActionMask = 2147483647;
			files = (
			);
			runOnlyForDeploymentPostprocessing = 0;
		};
		44C3A78428DAED9200B8AEA7 /* Resources */ = {
			isa = PBXResourcesBuildPhase;
			buildActionMask = 2147483647;
			files = (
			);
			runOnlyForDeploymentPostprocessing = 0;
		};
/* End PBXResourcesBuildPhase section */

/* Begin PBXSourcesBuildPhase section */
		44C3A76828DAED9100B8AEA7 /* Sources */ = {
			isa = PBXSourcesBuildPhase;
			buildActionMask = 2147483647;
			files = (
				44C3A79E28DAF57000B8AEA7 /* BackendApi.swift in Sources */,
				44B6510228E07EEA00DA23C8 /* BindingExtensions.swift in Sources */,
				44AD3AA528DCFE1D00A6F720 /* ProductListView.swift in Sources */,
				44AD3AB428DD04C400A6F720 /* SideEffectView.swift in Sources */,
				44C3A79A28DAEDC900B8AEA7 /* SideEffect.swift in Sources */,
				44B6510028E07EC100DA23C8 /* FutureExtensions.swift in Sources */,
				44C3A7A028DAF5B400B8AEA7 /* Product.swift in Sources */,
				44AD3ABC28DD91AC00A6F720 /* ProductDetailView.swift in Sources */,
				44C3A79C28DAF56300B8AEA7 /* ProductInteractor.swift in Sources */,
				44C3A77228DAED9100B8AEA7 /* ProductsLoadingView.swift in Sources */,
				44C3A77028DAED9100B8AEA7 /* mvApp.swift in Sources */,
				44B650FA28E06E3300DA23C8 /* ImageInteractor.swift in Sources */,
				44B650FE28E06EB400DA23C8 /* ImageLoadingView.swift in Sources */,
			);
			runOnlyForDeploymentPostprocessing = 0;
		};
		44C3A77828DAED9200B8AEA7 /* Sources */ = {
			isa = PBXSourcesBuildPhase;
			buildActionMask = 2147483647;
			files = (
				44C3A78128DAED9200B8AEA7 /* mvTests.swift in Sources */,
			);
			runOnlyForDeploymentPostprocessing = 0;
		};
		44C3A78228DAED9200B8AEA7 /* Sources */ = {
			isa = PBXSourcesBuildPhase;
			buildActionMask = 2147483647;
			files = (
				44C3A78B28DAED9200B8AEA7 /* mvUITests.swift in Sources */,
				44C3A78D28DAED9200B8AEA7 /* mvUITestsLaunchTests.swift in Sources */,
			);
			runOnlyForDeploymentPostprocessing = 0;
		};
/* End PBXSourcesBuildPhase section */

/* Begin PBXTargetDependency section */
		44C3A77E28DAED9200B8AEA7 /* PBXTargetDependency */ = {
			isa = PBXTargetDependency;
			target = 44C3A76B28DAED9100B8AEA7 /* mv */;
			targetProxy = 44C3A77D28DAED9200B8AEA7 /* PBXContainerItemProxy */;
		};
		44C3A78828DAED9200B8AEA7 /* PBXTargetDependency */ = {
			isa = PBXTargetDependency;
			target = 44C3A76B28DAED9100B8AEA7 /* mv */;
			targetProxy = 44C3A78728DAED9200B8AEA7 /* PBXContainerItemProxy */;
		};
/* End PBXTargetDependency section */

/* Begin XCBuildConfiguration section */
		44C3A78E28DAED9200B8AEA7 /* Debug */ = {
			isa = XCBuildConfiguration;
			buildSettings = {
				ALWAYS_SEARCH_USER_PATHS = NO;
				CLANG_ANALYZER_NONNULL = YES;
				CLANG_ANALYZER_NUMBER_OBJECT_CONVERSION = YES_AGGRESSIVE;
				CLANG_CXX_LANGUAGE_STANDARD = "gnu++17";
				CLANG_ENABLE_MODULES = YES;
				CLANG_ENABLE_OBJC_ARC = YES;
				CLANG_ENABLE_OBJC_WEAK = YES;
				CLANG_WARN_BLOCK_CAPTURE_AUTORELEASING = YES;
				CLANG_WARN_BOOL_CONVERSION = YES;
				CLANG_WARN_COMMA = YES;
				CLANG_WARN_CONSTANT_CONVERSION = YES;
				CLANG_WARN_DEPRECATED_OBJC_IMPLEMENTATIONS = YES;
				CLANG_WARN_DIRECT_OBJC_ISA_USAGE = YES_ERROR;
				CLANG_WARN_DOCUMENTATION_COMMENTS = YES;
				CLANG_WARN_EMPTY_BODY = YES;
				CLANG_WARN_ENUM_CONVERSION = YES;
				CLANG_WARN_INFINITE_RECURSION = YES;
				CLANG_WARN_INT_CONVERSION = YES;
				CLANG_WARN_NON_LITERAL_NULL_CONVERSION = YES;
				CLANG_WARN_OBJC_IMPLICIT_RETAIN_SELF = YES;
				CLANG_WARN_OBJC_LITERAL_CONVERSION = YES;
				CLANG_WARN_OBJC_ROOT_CLASS = YES_ERROR;
				CLANG_WARN_QUOTED_INCLUDE_IN_FRAMEWORK_HEADER = YES;
				CLANG_WARN_RANGE_LOOP_ANALYSIS = YES;
				CLANG_WARN_STRICT_PROTOTYPES = YES;
				CLANG_WARN_SUSPICIOUS_MOVE = YES;
				CLANG_WARN_UNGUARDED_AVAILABILITY = YES_AGGRESSIVE;
				CLANG_WARN_UNREACHABLE_CODE = YES;
				CLANG_WARN__DUPLICATE_METHOD_MATCH = YES;
				COPY_PHASE_STRIP = NO;
				DEBUG_INFORMATION_FORMAT = dwarf;
				ENABLE_STRICT_OBJC_MSGSEND = YES;
				ENABLE_TESTABILITY = YES;
				GCC_C_LANGUAGE_STANDARD = gnu11;
				GCC_DYNAMIC_NO_PIC = NO;
				GCC_NO_COMMON_BLOCKS = YES;
				GCC_OPTIMIZATION_LEVEL = 0;
				GCC_PREPROCESSOR_DEFINITIONS = (
					"DEBUG=1",
					"$(inherited)",
				);
				GCC_WARN_64_TO_32_BIT_CONVERSION = YES;
				GCC_WARN_ABOUT_RETURN_TYPE = YES_ERROR;
				GCC_WARN_UNDECLARED_SELECTOR = YES;
				GCC_WARN_UNINITIALIZED_AUTOS = YES_AGGRESSIVE;
				GCC_WARN_UNUSED_FUNCTION = YES;
				GCC_WARN_UNUSED_VARIABLE = YES;
				IPHONEOS_DEPLOYMENT_TARGET = 15.5;
				MTL_ENABLE_DEBUG_INFO = INCLUDE_SOURCE;
				MTL_FAST_MATH = YES;
				ONLY_ACTIVE_ARCH = YES;
				SDKROOT = iphoneos;
				SWIFT_ACTIVE_COMPILATION_CONDITIONS = DEBUG;
				SWIFT_OPTIMIZATION_LEVEL = "-Onone";
			};
			name = Debug;
		};
		44C3A78F28DAED9200B8AEA7 /* Release */ = {
			isa = XCBuildConfiguration;
			buildSettings = {
				ALWAYS_SEARCH_USER_PATHS = NO;
				CLANG_ANALYZER_NONNULL = YES;
				CLANG_ANALYZER_NUMBER_OBJECT_CONVERSION = YES_AGGRESSIVE;
				CLANG_CXX_LANGUAGE_STANDARD = "gnu++17";
				CLANG_ENABLE_MODULES = YES;
				CLANG_ENABLE_OBJC_ARC = YES;
				CLANG_ENABLE_OBJC_WEAK = YES;
				CLANG_WARN_BLOCK_CAPTURE_AUTORELEASING = YES;
				CLANG_WARN_BOOL_CONVERSION = YES;
				CLANG_WARN_COMMA = YES;
				CLANG_WARN_CONSTANT_CONVERSION = YES;
				CLANG_WARN_DEPRECATED_OBJC_IMPLEMENTATIONS = YES;
				CLANG_WARN_DIRECT_OBJC_ISA_USAGE = YES_ERROR;
				CLANG_WARN_DOCUMENTATION_COMMENTS = YES;
				CLANG_WARN_EMPTY_BODY = YES;
				CLANG_WARN_ENUM_CONVERSION = YES;
				CLANG_WARN_INFINITE_RECURSION = YES;
				CLANG_WARN_INT_CONVERSION = YES;
				CLANG_WARN_NON_LITERAL_NULL_CONVERSION = YES;
				CLANG_WARN_OBJC_IMPLICIT_RETAIN_SELF = YES;
				CLANG_WARN_OBJC_LITERAL_CONVERSION = YES;
				CLANG_WARN_OBJC_ROOT_CLASS = YES_ERROR;
				CLANG_WARN_QUOTED_INCLUDE_IN_FRAMEWORK_HEADER = YES;
				CLANG_WARN_RANGE_LOOP_ANALYSIS = YES;
				CLANG_WARN_STRICT_PROTOTYPES = YES;
				CLANG_WARN_SUSPICIOUS_MOVE = YES;
				CLANG_WARN_UNGUARDED_AVAILABILITY = YES_AGGRESSIVE;
				CLANG_WARN_UNREACHABLE_CODE = YES;
				CLANG_WARN__DUPLICATE_METHOD_MATCH = YES;
				COPY_PHASE_STRIP = NO;
				DEBUG_INFORMATION_FORMAT = "dwarf-with-dsym";
				ENABLE_NS_ASSERTIONS = NO;
				ENABLE_STRICT_OBJC_MSGSEND = YES;
				GCC_C_LANGUAGE_STANDARD = gnu11;
				GCC_NO_COMMON_BLOCKS = YES;
				GCC_WARN_64_TO_32_BIT_CONVERSION = YES;
				GCC_WARN_ABOUT_RETURN_TYPE = YES_ERROR;
				GCC_WARN_UNDECLARED_SELECTOR = YES;
				GCC_WARN_UNINITIALIZED_AUTOS = YES_AGGRESSIVE;
				GCC_WARN_UNUSED_FUNCTION = YES;
				GCC_WARN_UNUSED_VARIABLE = YES;
				IPHONEOS_DEPLOYMENT_TARGET = 15.5;
				MTL_ENABLE_DEBUG_INFO = NO;
				MTL_FAST_MATH = YES;
				SDKROOT = iphoneos;
				SWIFT_COMPILATION_MODE = wholemodule;
				SWIFT_OPTIMIZATION_LEVEL = "-O";
				VALIDATE_PRODUCT = YES;
			};
			name = Release;
		};
		44C3A79128DAED9200B8AEA7 /* Debug */ = {
			isa = XCBuildConfiguration;
			buildSettings = {
				ASSETCATALOG_COMPILER_APPICON_NAME = AppIcon;
				ASSETCATALOG_COMPILER_GLOBAL_ACCENT_COLOR_NAME = AccentColor;
				CODE_SIGN_STYLE = Automatic;
				CURRENT_PROJECT_VERSION = 1;
				DEVELOPMENT_ASSET_PATHS = "\"mv/Preview Content\"";
				ENABLE_PREVIEWS = YES;
				GENERATE_INFOPLIST_FILE = YES;
				INFOPLIST_KEY_UIApplicationSceneManifest_Generation = YES;
				INFOPLIST_KEY_UIApplicationSupportsIndirectInputEvents = YES;
				INFOPLIST_KEY_UILaunchScreen_Generation = YES;
				INFOPLIST_KEY_UISupportedInterfaceOrientations_iPad = "UIInterfaceOrientationPortrait UIInterfaceOrientationPortraitUpsideDown UIInterfaceOrientationLandscapeLeft UIInterfaceOrientationLandscapeRight";
				INFOPLIST_KEY_UISupportedInterfaceOrientations_iPhone = "UIInterfaceOrientationPortrait UIInterfaceOrientationLandscapeLeft UIInterfaceOrientationLandscapeRight";
				LD_RUNPATH_SEARCH_PATHS = (
					"$(inherited)",
					"@executable_path/Frameworks",
				);
				MARKETING_VERSION = 1.0;
				PRODUCT_BUNDLE_IDENTIFIER = com.sisoje.mv.mv;
				PRODUCT_NAME = "$(TARGET_NAME)";
				SWIFT_EMIT_LOC_STRINGS = YES;
				SWIFT_VERSION = 5.0;
				TARGETED_DEVICE_FAMILY = "1,2";
			};
			name = Debug;
		};
		44C3A79228DAED9200B8AEA7 /* Release */ = {
			isa = XCBuildConfiguration;
			buildSettings = {
				ASSETCATALOG_COMPILER_APPICON_NAME = AppIcon;
				ASSETCATALOG_COMPILER_GLOBAL_ACCENT_COLOR_NAME = AccentColor;
				CODE_SIGN_STYLE = Automatic;
				CURRENT_PROJECT_VERSION = 1;
				DEVELOPMENT_ASSET_PATHS = "\"mv/Preview Content\"";
				ENABLE_PREVIEWS = YES;
				GENERATE_INFOPLIST_FILE = YES;
				INFOPLIST_KEY_UIApplicationSceneManifest_Generation = YES;
				INFOPLIST_KEY_UIApplicationSupportsIndirectInputEvents = YES;
				INFOPLIST_KEY_UILaunchScreen_Generation = YES;
				INFOPLIST_KEY_UISupportedInterfaceOrientations_iPad = "UIInterfaceOrientationPortrait UIInterfaceOrientationPortraitUpsideDown UIInterfaceOrientationLandscapeLeft UIInterfaceOrientationLandscapeRight";
				INFOPLIST_KEY_UISupportedInterfaceOrientations_iPhone = "UIInterfaceOrientationPortrait UIInterfaceOrientationLandscapeLeft UIInterfaceOrientationLandscapeRight";
				LD_RUNPATH_SEARCH_PATHS = (
					"$(inherited)",
					"@executable_path/Frameworks",
				);
				MARKETING_VERSION = 1.0;
				PRODUCT_BUNDLE_IDENTIFIER = com.sisoje.mv.mv;
				PRODUCT_NAME = "$(TARGET_NAME)";
				SWIFT_EMIT_LOC_STRINGS = YES;
				SWIFT_VERSION = 5.0;
				TARGETED_DEVICE_FAMILY = "1,2";
			};
			name = Release;
		};
		44C3A79428DAED9200B8AEA7 /* Debug */ = {
			isa = XCBuildConfiguration;
			buildSettings = {
				ALWAYS_EMBED_SWIFT_STANDARD_LIBRARIES = YES;
				BUNDLE_LOADER = "$(TEST_HOST)";
				CODE_SIGN_STYLE = Automatic;
				CURRENT_PROJECT_VERSION = 1;
				GENERATE_INFOPLIST_FILE = YES;
				IPHONEOS_DEPLOYMENT_TARGET = 15.5;
				MARKETING_VERSION = 1.0;
				PRODUCT_BUNDLE_IDENTIFIER = com.sisoje.mv.mvTests;
				PRODUCT_NAME = "$(TARGET_NAME)";
				SWIFT_EMIT_LOC_STRINGS = NO;
				SWIFT_VERSION = 5.0;
				TARGETED_DEVICE_FAMILY = "1,2";
				TEST_HOST = "$(BUILT_PRODUCTS_DIR)/mv.app/mv";
			};
			name = Debug;
		};
		44C3A79528DAED9200B8AEA7 /* Release */ = {
			isa = XCBuildConfiguration;
			buildSettings = {
				ALWAYS_EMBED_SWIFT_STANDARD_LIBRARIES = YES;
				BUNDLE_LOADER = "$(TEST_HOST)";
				CODE_SIGN_STYLE = Automatic;
				CURRENT_PROJECT_VERSION = 1;
				GENERATE_INFOPLIST_FILE = YES;
				IPHONEOS_DEPLOYMENT_TARGET = 15.5;
				MARKETING_VERSION = 1.0;
				PRODUCT_BUNDLE_IDENTIFIER = com.sisoje.mv.mvTests;
				PRODUCT_NAME = "$(TARGET_NAME)";
				SWIFT_EMIT_LOC_STRINGS = NO;
				SWIFT_VERSION = 5.0;
				TARGETED_DEVICE_FAMILY = "1,2";
				TEST_HOST = "$(BUILT_PRODUCTS_DIR)/mv.app/mv";
			};
			name = Release;
		};
		44C3A79728DAED9200B8AEA7 /* Debug */ = {
			isa = XCBuildConfiguration;
			buildSettings = {
				ALWAYS_EMBED_SWIFT_STANDARD_LIBRARIES = YES;
				CODE_SIGN_STYLE = Automatic;
				CURRENT_PROJECT_VERSION = 1;
				GENERATE_INFOPLIST_FILE = YES;
				MARKETING_VERSION = 1.0;
				PRODUCT_BUNDLE_IDENTIFIER = com.sisoje.mv.mvUITests;
				PRODUCT_NAME = "$(TARGET_NAME)";
				SWIFT_EMIT_LOC_STRINGS = NO;
				SWIFT_VERSION = 5.0;
				TARGETED_DEVICE_FAMILY = "1,2";
				TEST_TARGET_NAME = mv;
			};
			name = Debug;
		};
		44C3A79828DAED9200B8AEA7 /* Release */ = {
			isa = XCBuildConfiguration;
			buildSettings = {
				ALWAYS_EMBED_SWIFT_STANDARD_LIBRARIES = YES;
				CODE_SIGN_STYLE = Automatic;
				CURRENT_PROJECT_VERSION = 1;
				GENERATE_INFOPLIST_FILE = YES;
				MARKETING_VERSION = 1.0;
				PRODUCT_BUNDLE_IDENTIFIER = com.sisoje.mv.mvUITests;
				PRODUCT_NAME = "$(TARGET_NAME)";
				SWIFT_EMIT_LOC_STRINGS = NO;
				SWIFT_VERSION = 5.0;
				TARGETED_DEVICE_FAMILY = "1,2";
				TEST_TARGET_NAME = mv;
			};
			name = Release;
		};
/* End XCBuildConfiguration section */

/* Begin XCConfigurationList section */
		44C3A76728DAED9100B8AEA7 /* Build configuration list for PBXProject "mv" */ = {
			isa = XCConfigurationList;
			buildConfigurations = (
				44C3A78E28DAED9200B8AEA7 /* Debug */,
				44C3A78F28DAED9200B8AEA7 /* Release */,
			);
			defaultConfigurationIsVisible = 0;
			defaultConfigurationName = Release;
		};
		44C3A79028DAED9200B8AEA7 /* Build configuration list for PBXNativeTarget "mv" */ = {
			isa = XCConfigurationList;
			buildConfigurations = (
				44C3A79128DAED9200B8AEA7 /* Debug */,
				44C3A79228DAED9200B8AEA7 /* Release */,
			);
			defaultConfigurationIsVisible = 0;
			defaultConfigurationName = Release;
		};
		44C3A79328DAED9200B8AEA7 /* Build configuration list for PBXNativeTarget "mvTests" */ = {
			isa = XCConfigurationList;
			buildConfigurations = (
				44C3A79428DAED9200B8AEA7 /* Debug */,
				44C3A79528DAED9200B8AEA7 /* Release */,
			);
			defaultConfigurationIsVisible = 0;
			defaultConfigurationName = Release;
		};
		44C3A79628DAED9200B8AEA7 /* Build configuration list for PBXNativeTarget "mvUITests" */ = {
			isa = XCConfigurationList;
			buildConfigurations = (
				44C3A79728DAED9200B8AEA7 /* Debug */,
				44C3A79828DAED9200B8AEA7 /* Release */,
			);
			defaultConfigurationIsVisible = 0;
			defaultConfigurationName = Release;
		};
/* End XCConfigurationList section */
	};
	rootObject = 44C3A76428DAED9100B8AEA7 /* Project object */;
}
